
Microsoft Visual Studio Solution File, Format Version 12.00
# Visual Studio Version 17
VisualStudioVersion = 17.3.32929.385
MinimumVisualStudioVersion = 10.0.40219.1
Project("{F184B08F-C81C-45F6-A57F-5ABD9991F28F}") = "shapecalculator", "shapecalculator\shapecalculator.vbproj", "{6FF1F954-E9D1-4B0C-BFD7-32056E2B2390}"
EndProject
Global
	GlobalSection(SolutionConfigurationPlatforms) = preSolution
		Debug|Any CPU = Debug|Any CPU
		Release|Any CPU = Release|Any CPU
	EndGlobalSection
	GlobalSection(ProjectConfigurationPlatforms) = postSolution
		{6FF1F954-E9D1-4B0C-BFD7-32056E2B2390}.Debug|Any CPU.ActiveCfg = Debug|Any CPU
		{6FF1F954-E9D1-4B0C-BFD7-32056E2B2390}.Debug|Any CPU.Build.0 = Debug|Any CPU
		{6FF1F954-E9D1-4B0C-BFD7-32056E2B2390}.Release|Any CPU.ActiveCfg = Release|Any CPU
		{6FF1F954-E9D1-4B0C-BFD7-32056E2B2390}.Release|Any CPU.Build.0 = Release|Any CPU
	EndGlobalSection
	GlobalSection(SolutionProperties) = preSolution
		HideSolutionNode = FALSE
	EndGlobalSection
	GlobalSection(ExtensibilityGlobals) = postSolution
		SolutionGuid = {49DD1695-70A1-49B6-BD4D-3A60C31D6962}
	EndGlobalSection
EndGlobal
