
Microsoft Visual Studio Solution File, Format Version 12.00
# Visual Studio Version 17
VisualStudioVersion = 17.2.32630.192
MinimumVisualStudioVersion = 10.0.40219.1
Project("{F184B08F-C81C-45F6-A57F-5ABD9991F28F}") = "Stuff", "Stuff\Stuff.vbproj", "{84438084-D72A-42D1-B142-F21C880F5734}"
EndProject
Global
	GlobalSection(SolutionConfigurationPlatforms) = preSolution
		Debug|Any CPU = Debug|Any CPU
		Release|Any CPU = Release|Any CPU
	EndGlobalSection
	GlobalSection(ProjectConfigurationPlatforms) = postSolution
		{84438084-D72A-42D1-B142-F21C880F5734}.Debug|Any CPU.ActiveCfg = Debug|Any CPU
		{84438084-D72A-42D1-B142-F21C880F5734}.Debug|Any CPU.Build.0 = Debug|Any CPU
		{84438084-D72A-42D1-B142-F21C880F5734}.Release|Any CPU.ActiveCfg = Release|Any CPU
		{84438084-D72A-42D1-B142-F21C880F5734}.Release|Any CPU.Build.0 = Release|Any CPU
	EndGlobalSection
	GlobalSection(SolutionProperties) = preSolution
		HideSolutionNode = FALSE
	EndGlobalSection
	GlobalSection(ExtensibilityGlobals) = postSolution
		SolutionGuid = {AC282CC1-B7CB-47D2-9927-5880275D1E98}
	EndGlobalSection
EndGlobal
